
Microsoft Visual Studio Solution File, Format Version 12.00
# Visual Studio Version 16
VisualStudioVersion = 16.0.29418.71
MinimumVisualStudioVersion = 10.0.40219.1
Project("{9A19103F-16F7-4668-BE54-9A1E7A4F7556}") = "Granny.Api.Register", "Granny.Api.Register\Granny.Api.Register.csproj", "{DF1171D4-8D3E-405F-9697-F791602534B0}"
EndProject
Project("{9A19103F-16F7-4668-BE54-9A1E7A4F7556}") = "Granny.DataModel", "Granny.DataModel\Granny.DataModel.csproj", "{9220FDD3-FD9F-4D85-8440-395486AFBAA6}"
EndProject
Project("{9A19103F-16F7-4668-BE54-9A1E7A4F7556}") = "Granny.Api.Query", "Granny.Api.Query\Granny.Api.Query.csproj", "{852C0D4B-095C-4AC4-A26B-309D28E962D1}"
EndProject
Project("{9A19103F-16F7-4668-BE54-9A1E7A4F7556}") = "Granny.Api.Security", "Granny.Api.Security\Granny.Api.Security.csproj", "{75693C13-0819-4F0D-AC4E-3C92393618DB}"
EndProject
Project("{9A19103F-16F7-4668-BE54-9A1E7A4F7556}") = "Granny.Repository.Register", "Granny.Repository.Register\Granny.Repository.Register.csproj", "{4270A3DD-F4CA-4F8F-9273-FD75D1BAE018}"
EndProject
Project("{9A19103F-16F7-4668-BE54-9A1E7A4F7556}") = "Granny.Repository.Query", "Granny.Repository.Query\Granny.Repository.Query.csproj", "{7624731D-42A7-4067-AC27-0E184E435251}"
EndProject
Project("{9A19103F-16F7-4668-BE54-9A1E7A4F7556}") = "Granny.Util", "Granny.Util\Granny.Util.csproj", "{04FF47D0-A89E-49B1-9C02-FDCDAB5546A6}"
EndProject
Project("{FAE04EC0-301F-11D3-BF4B-00C04F79EFBC}") = "Granny.Repository.Security", "Granny.Repository.Security\Granny.Repository.Security.csproj", "{F92AB830-E64E-4803-A124-048DDCA98266}"
EndProject
Project("{FAE04EC0-301F-11D3-BF4B-00C04F79EFBC}") = "Granny.DataTransferObject", "Granny.DataTransferObject\Granny.DataTransferObject.csproj", "{4D6CBDF3-55D2-4716-9933-986C3F4D46F3}"
EndProject
Global
	GlobalSection(SolutionConfigurationPlatforms) = preSolution
		Debug|Any CPU = Debug|Any CPU
		Release|Any CPU = Release|Any CPU
	EndGlobalSection
	GlobalSection(ProjectConfigurationPlatforms) = postSolution
		{DF1171D4-8D3E-405F-9697-F791602534B0}.Debug|Any CPU.ActiveCfg = Debug|Any CPU
		{DF1171D4-8D3E-405F-9697-F791602534B0}.Debug|Any CPU.Build.0 = Debug|Any CPU
		{DF1171D4-8D3E-405F-9697-F791602534B0}.Release|Any CPU.ActiveCfg = Release|Any CPU
		{DF1171D4-8D3E-405F-9697-F791602534B0}.Release|Any CPU.Build.0 = Release|Any CPU
		{9220FDD3-FD9F-4D85-8440-395486AFBAA6}.Debug|Any CPU.ActiveCfg = Debug|Any CPU
		{9220FDD3-FD9F-4D85-8440-395486AFBAA6}.Debug|Any CPU.Build.0 = Debug|Any CPU
		{9220FDD3-FD9F-4D85-8440-395486AFBAA6}.Release|Any CPU.ActiveCfg = Release|Any CPU
		{9220FDD3-FD9F-4D85-8440-395486AFBAA6}.Release|Any CPU.Build.0 = Release|Any CPU
		{852C0D4B-095C-4AC4-A26B-309D28E962D1}.Debug|Any CPU.ActiveCfg = Debug|Any CPU
		{852C0D4B-095C-4AC4-A26B-309D28E962D1}.Debug|Any CPU.Build.0 = Debug|Any CPU
		{852C0D4B-095C-4AC4-A26B-309D28E962D1}.Release|Any CPU.ActiveCfg = Release|Any CPU
		{852C0D4B-095C-4AC4-A26B-309D28E962D1}.Release|Any CPU.Build.0 = Release|Any CPU
		{75693C13-0819-4F0D-AC4E-3C92393618DB}.Debug|Any CPU.ActiveCfg = Debug|Any CPU
		{75693C13-0819-4F0D-AC4E-3C92393618DB}.Debug|Any CPU.Build.0 = Debug|Any CPU
		{75693C13-0819-4F0D-AC4E-3C92393618DB}.Release|Any CPU.ActiveCfg = Release|Any CPU
		{75693C13-0819-4F0D-AC4E-3C92393618DB}.Release|Any CPU.Build.0 = Release|Any CPU
		{4270A3DD-F4CA-4F8F-9273-FD75D1BAE018}.Debug|Any CPU.ActiveCfg = Debug|Any CPU
		{4270A3DD-F4CA-4F8F-9273-FD75D1BAE018}.Debug|Any CPU.Build.0 = Debug|Any CPU
		{4270A3DD-F4CA-4F8F-9273-FD75D1BAE018}.Release|Any CPU.ActiveCfg = Release|Any CPU
		{4270A3DD-F4CA-4F8F-9273-FD75D1BAE018}.Release|Any CPU.Build.0 = Release|Any CPU
		{7624731D-42A7-4067-AC27-0E184E435251}.Debug|Any CPU.ActiveCfg = Debug|Any CPU
		{7624731D-42A7-4067-AC27-0E184E435251}.Debug|Any CPU.Build.0 = Debug|Any CPU
		{7624731D-42A7-4067-AC27-0E184E435251}.Release|Any CPU.ActiveCfg = Release|Any CPU
		{7624731D-42A7-4067-AC27-0E184E435251}.Release|Any CPU.Build.0 = Release|Any CPU
		{04FF47D0-A89E-49B1-9C02-FDCDAB5546A6}.Debug|Any CPU.ActiveCfg = Debug|Any CPU
		{04FF47D0-A89E-49B1-9C02-FDCDAB5546A6}.Debug|Any CPU.Build.0 = Debug|Any CPU
		{04FF47D0-A89E-49B1-9C02-FDCDAB5546A6}.Release|Any CPU.ActiveCfg = Release|Any CPU
		{04FF47D0-A89E-49B1-9C02-FDCDAB5546A6}.Release|Any CPU.Build.0 = Release|Any CPU
		{F92AB830-E64E-4803-A124-048DDCA98266}.Debug|Any CPU.ActiveCfg = Debug|Any CPU
		{F92AB830-E64E-4803-A124-048DDCA98266}.Debug|Any CPU.Build.0 = Debug|Any CPU
		{F92AB830-E64E-4803-A124-048DDCA98266}.Release|Any CPU.ActiveCfg = Release|Any CPU
		{F92AB830-E64E-4803-A124-048DDCA98266}.Release|Any CPU.Build.0 = Release|Any CPU
		{4D6CBDF3-55D2-4716-9933-986C3F4D46F3}.Debug|Any CPU.ActiveCfg = Debug|Any CPU
		{4D6CBDF3-55D2-4716-9933-986C3F4D46F3}.Debug|Any CPU.Build.0 = Debug|Any CPU
		{4D6CBDF3-55D2-4716-9933-986C3F4D46F3}.Release|Any CPU.ActiveCfg = Release|Any CPU
		{4D6CBDF3-55D2-4716-9933-986C3F4D46F3}.Release|Any CPU.Build.0 = Release|Any CPU
	EndGlobalSection
	GlobalSection(SolutionProperties) = preSolution
		HideSolutionNode = FALSE
	EndGlobalSection
	GlobalSection(ExtensibilityGlobals) = postSolution
		SolutionGuid = {39F0CBA7-E544-424B-88C4-7BAC21CA1680}
	EndGlobalSection
EndGlobal
